
Microsoft Visual Studio Solution File, Format Version 12.00
# Visual Studio Version 16
VisualStudioVersion = 16.0.30803.129
MinimumVisualStudioVersion = 10.0.40219.1
Project("{FAE04EC0-301F-11D3-BF4B-00C04F79EFBC}") = "WebApi.SwitchCache", "WebApi.SwitchCache.csproj", "{80C30D51-DC7F-43E0-936E-3C8B44C2847F}"
EndProject
Global
	GlobalSection(SolutionConfigurationPlatforms) = preSolution
		Debug|Any CPU = Debug|Any CPU
		Release|Any CPU = Release|Any CPU
	EndGlobalSection
	GlobalSection(ProjectConfigurationPlatforms) = postSolution
		{80C30D51-DC7F-43E0-936E-3C8B44C2847F}.Debug|Any CPU.ActiveCfg = Debug|Any CPU
		{80C30D51-DC7F-43E0-936E-3C8B44C2847F}.Debug|Any CPU.Build.0 = Debug|Any CPU
		{80C30D51-DC7F-43E0-936E-3C8B44C2847F}.Release|Any CPU.ActiveCfg = Release|Any CPU
		{80C30D51-DC7F-43E0-936E-3C8B44C2847F}.Release|Any CPU.Build.0 = Release|Any CPU
	EndGlobalSection
	GlobalSection(SolutionProperties) = preSolution
		HideSolutionNode = FALSE
	EndGlobalSection
	GlobalSection(ExtensibilityGlobals) = postSolution
		SolutionGuid = {12987DC2-1CB3-42BC-B6BE-CBA77E161A06}
	EndGlobalSection
EndGlobal
