
Microsoft Visual Studio Solution File, Format Version 12.00
# Visual Studio Version 16
VisualStudioVersion = 16.0.30803.129
MinimumVisualStudioVersion = 10.0.40219.1
Project("{9A19103F-16F7-4668-BE54-9A1E7A4F7556}") = "WebApi.CachePerRequest", "WebApi.CachePerRequest.csproj", "{116FEB7C-3434-4593-B92B-65CB8CEDD008}"
EndProject
Global
	GlobalSection(SolutionConfigurationPlatforms) = preSolution
		Debug|Any CPU = Debug|Any CPU
		Release|Any CPU = Release|Any CPU
	EndGlobalSection
	GlobalSection(ProjectConfigurationPlatforms) = postSolution
		{116FEB7C-3434-4593-B92B-65CB8CEDD008}.Debug|Any CPU.ActiveCfg = Debug|Any CPU
		{116FEB7C-3434-4593-B92B-65CB8CEDD008}.Debug|Any CPU.Build.0 = Debug|Any CPU
		{116FEB7C-3434-4593-B92B-65CB8CEDD008}.Release|Any CPU.ActiveCfg = Release|Any CPU
		{116FEB7C-3434-4593-B92B-65CB8CEDD008}.Release|Any CPU.Build.0 = Release|Any CPU
	EndGlobalSection
	GlobalSection(SolutionProperties) = preSolution
		HideSolutionNode = FALSE
	EndGlobalSection
	GlobalSection(ExtensibilityGlobals) = postSolution
		SolutionGuid = {A4A67BF9-CC9C-4C0D-BB10-5780D0943C0E}
	EndGlobalSection
EndGlobal
