
Microsoft Visual Studio Solution File, Format Version 12.00
# Visual Studio Version 16
VisualStudioVersion = 16.0.30803.129
MinimumVisualStudioVersion = 10.0.40219.1
Project("{9A19103F-16F7-4668-BE54-9A1E7A4F7556}") = "WebApi.RepositoryPatternWithoutCache", "WebApi.RepositoryPatternWithoutCache.csproj", "{EC8EA741-D2DD-44E5-AA3C-8B5B79C2E370}"
EndProject
Global
	GlobalSection(SolutionConfigurationPlatforms) = preSolution
		Debug|Any CPU = Debug|Any CPU
		Release|Any CPU = Release|Any CPU
	EndGlobalSection
	GlobalSection(ProjectConfigurationPlatforms) = postSolution
		{EC8EA741-D2DD-44E5-AA3C-8B5B79C2E370}.Debug|Any CPU.ActiveCfg = Debug|Any CPU
		{EC8EA741-D2DD-44E5-AA3C-8B5B79C2E370}.Debug|Any CPU.Build.0 = Debug|Any CPU
		{EC8EA741-D2DD-44E5-AA3C-8B5B79C2E370}.Release|Any CPU.ActiveCfg = Release|Any CPU
		{EC8EA741-D2DD-44E5-AA3C-8B5B79C2E370}.Release|Any CPU.Build.0 = Release|Any CPU
	EndGlobalSection
	GlobalSection(SolutionProperties) = preSolution
		HideSolutionNode = FALSE
	EndGlobalSection
	GlobalSection(ExtensibilityGlobals) = postSolution
		SolutionGuid = {28785EA1-27C7-41DD-BA9F-C7BAB5A7594C}
	EndGlobalSection
EndGlobal
